
Microsoft Visual Studio Solution File, Format Version 12.00
# Visual Studio Version 16
VisualStudioVersion = 16.0.31729.503
MinimumVisualStudioVersion = 10.0.40219.1
Project("{9A19103F-16F7-4668-BE54-9A1E7A4F7556}") = "ApiShowCase.WebAPI", "ApiShowCase.WebAPI\ApiShowCase.WebAPI.csproj", "{95C31552-FD15-4540-AEE2-40A0CC133AB6}"
EndProject
Global
	GlobalSection(SolutionConfigurationPlatforms) = preSolution
		Debug|Any CPU = Debug|Any CPU
		Release|Any CPU = Release|Any CPU
	EndGlobalSection
	GlobalSection(ProjectConfigurationPlatforms) = postSolution
		{95C31552-FD15-4540-AEE2-40A0CC133AB6}.Debug|Any CPU.ActiveCfg = Debug|Any CPU
		{95C31552-FD15-4540-AEE2-40A0CC133AB6}.Debug|Any CPU.Build.0 = Debug|Any CPU
		{95C31552-FD15-4540-AEE2-40A0CC133AB6}.Release|Any CPU.ActiveCfg = Release|Any CPU
		{95C31552-FD15-4540-AEE2-40A0CC133AB6}.Release|Any CPU.Build.0 = Release|Any CPU
	EndGlobalSection
	GlobalSection(SolutionProperties) = preSolution
		HideSolutionNode = FALSE
	EndGlobalSection
	GlobalSection(ExtensibilityGlobals) = postSolution
		SolutionGuid = {249BED5F-D2F0-41ED-84F5-58C5697F77BA}
	EndGlobalSection
EndGlobal
